<Solution>
  <Folder Name="/src/">
    <Project Path="src/PetEmulator.Core/PetEmulator.Core.csproj" />
    <Project Path="src/PetEmulator.Cpu6502/PetEmulator.Cpu6502.csproj" />
    <Project Path="src/PetEmulator.DebugApi/PetEmulator.DebugApi.csproj" />
    <Project Path="src/PetEmulator.Pet/PetEmulator.Pet.csproj" />
    <Project Path="src/PetEmulator.Vic20/PetEmulator.Vic20.csproj" />
    <Project Path="src/PetEmulator.Screenshot/PetEmulator.Screenshot.csproj" />
    <Project Path="src/PetEmulator.Debugger/PetEmulator.Debugger.csproj" />
    <Project Path="src/PetEmulator.Desktop/PetEmulator.Desktop.csproj" />
    <Project Path="src/PetEmulator.Cli/PetEmulator.Cli.csproj" />
  </Folder>
  <Folder Name="/tests/">
    <Project Path="tests/PetEmulator.Core.Tests/PetEmulator.Core.Tests.csproj" />
    <Project Path="tests/PetEmulator.Cpu6502.Tests/PetEmulator.Cpu6502.Tests.csproj" />
    <Project Path="tests/PetEmulator.DebugApi.Tests/PetEmulator.DebugApi.Tests.csproj" />
    <Project Path="tests/PetEmulator.Debugger.Tests/PetEmulator.Debugger.Tests.csproj" />
    <Project Path="tests/PetEmulator.Pet.Tests/PetEmulator.Pet.Tests.csproj" />
    <Project Path="tests/PetEmulator.Vic20.Tests/PetEmulator.Vic20.Tests.csproj" />
    <Project Path="tests/PetEmulator.Cli.Tests/PetEmulator.Cli.Tests.csproj" />
  </Folder>
</Solution>
